{
  "version": 4,
  "terraform_version": "1.15.6",
  "serial": 5,
  "lineage": "be971da9-41ba-ee27-4312-e07fcec56748",
  "outputs": {},
  "resources": [
    {
      "mode": "managed",
      "type": "docker_image",
      "name": "archlinux",
      "provider": "provider[\"registry.terraform.io/kreuzwerker/docker\"]",
      "instances": [
        {
          "schema_version": 0,
          "attributes": {
            "build": [],
            "force_remove": null,
            "id": "sha256:a1f78e6a19f19d0f6cd9bf35ec59de31fe0bdeff6a94e968be0276ca255f14cdarchlinux:latest",
            "image_id": "sha256:a1f78e6a19f19d0f6cd9bf35ec59de31fe0bdeff6a94e968be0276ca255f14cd",
            "keep_locally": null,
            "name": "archlinux:latest",
            "platform": null,
            "pull_triggers": null,
            "repo_digest": "archlinux@sha256:a1f78e6a19f19d0f6cd9bf35ec59de31fe0bdeff6a94e968be0276ca255f14cd",
            "timeouts": null,
            "triggers": null
          },
          "sensitive_attributes": [],
          "identity_schema_version": 0,
          "private": "eyJlMmJmYjczMC1lY2FhLTExZTYtOGY4OC0zNDM2M2JjN2M0YzAiOnsiY3JlYXRlIjoxMjAwMDAwMDAwMDAwLCJkZWxldGUiOjEyMDAwMDAwMDAwMDAsInVwZGF0ZSI6MTIwMDAwMDAwMDAwMH19"
        }
      ]
    },
    {
      "mode": "managed",
      "type": "docker_image",
      "name": "ubuntu",
      "provider": "provider[\"registry.terraform.io/kreuzwerker/docker\"]",
      "instances": [
        {
          "schema_version": 0,
          "attributes": {
            "build": [],
            "force_remove": null,
            "id": "sha256:f3d28607ddd78734bb7f71f117f3c6706c666b8b76cbff7c9ff6e5718d46ff64ubuntu:latest",
            "image_id": "sha256:f3d28607ddd78734bb7f71f117f3c6706c666b8b76cbff7c9ff6e5718d46ff64",
            "keep_locally": null,
            "name": "ubuntu:latest",
            "platform": null,
            "pull_triggers": null,
            "repo_digest": "ubuntu@sha256:f3d28607ddd78734bb7f71f117f3c6706c666b8b76cbff7c9ff6e5718d46ff64",
            "timeouts": null,
            "triggers": null
          },
          "sensitive_attributes": [],
          "identity_schema_version": 0,
          "private": "eyJlMmJmYjczMC1lY2FhLTExZTYtOGY4OC0zNDM2M2JjN2M0YzAiOnsiY3JlYXRlIjoxMjAwMDAwMDAwMDAwLCJkZWxldGUiOjEyMDAwMDAwMDAwMDAsInVwZGF0ZSI6MTIwMDAwMDAwMDAwMH19"
        }
      ]
    }
  ],
  "check_results": null
}
